// !$*UTF8*$!
{
	archiveVersion = 1;
	classes = {
	};
	objectVersion = 50;
	objects = {

/* Begin PBXBuildFile section */
		F2B9591A258A6094006E881C /* ImageSimilarityApp.swift in Sources */ = {isa = PBXBuildFile; fileRef = F2B95919258A6094006E881C /* ImageSimilarityApp.swift */; };
		F2B9591C258A6094006E881C /* ContentView.swift in Sources */ = {isa = PBXBuildFile; fileRef = F2B9591B258A6094006E881C /* ContentView.swift */; };
		F2B9591E258A6096006E881C /* Assets.xcassets in Resources */ = {isa = PBXBuildFile; fileRef = F2B9591D258A6096006E881C /* Assets.xcassets */; };
		F2B95921258A6096006E881C /* Preview Assets.xcassets in Resources */ = {isa = PBXBuildFile; fileRef = F2B95920258A6096006E881C /* Preview Assets.xcassets */; };
		F2B9592C258A6096006E881C /* ImageSimilarityTests.swift in Sources */ = {isa = PBXBuildFile; fileRef = F2B9592B258A6096006E881C /* ImageSimilarityTests.swift */; };
		F2B95937258A6096006E881C /* ImageSimilarityUITests.swift in Sources */ = {isa = PBXBuildFile; fileRef = F2B95936258A6096006E881C /* ImageSimilarityUITests.swift */; };
		F2B95948258A60BE006E881C /* Views.swift in Sources */ = {isa = PBXBuildFile; fileRef = F2B95947258A60BE006E881C /* Views.swift */; };
		F2B9594D258A6924006E881C /* Similarity.swift in Sources */ = {isa = PBXBuildFile; fileRef = F2B9594C258A6924006E881C /* Similarity.swift */; };
/* End PBXBuildFile section */

/* Begin PBXContainerItemProxy section */
		F2B95928258A6096006E881C /* PBXContainerItemProxy */ = {
			isa = PBXContainerItemProxy;
			containerPortal = F2B9590E258A6094006E881C /* Project object */;
			proxyType = 1;
			remoteGlobalIDString = F2B95915258A6094006E881C;
			remoteInfo = ImageSimilarity;
		};
		F2B95933258A6096006E881C /* PBXContainerItemProxy */ = {
			isa = PBXContainerItemProxy;
			containerPortal = F2B9590E258A6094006E881C /* Project object */;
			proxyType = 1;
			remoteGlobalIDString = F2B95915258A6094006E881C;
			remoteInfo = ImageSimilarity;
		};
/* End PBXContainerItemProxy section */

/* Begin PBXFileReference section */
		F2B95916258A6094006E881C /* ImageSimilarity.app */ = {isa = PBXFileReference; explicitFileType = wrapper.application; includeInIndex = 0; path = ImageSimilarity.app; sourceTree = BUILT_PRODUCTS_DIR; };
		F2B95919258A6094006E881C /* ImageSimilarityApp.swift */ = {isa = PBXFileReference; lastKnownFileType = sourcecode.swift; path = ImageSimilarityApp.swift; sourceTree = "<group>"; };
		F2B9591B258A6094006E881C /* ContentView.swift */ = {isa = PBXFileReference; lastKnownFileType = sourcecode.swift; path = ContentView.swift; sourceTree = "<group>"; };
		F2B9591D258A6096006E881C /* Assets.xcassets */ = {isa = PBXFileReference; lastKnownFileType = folder.assetcatalog; path = Assets.xcassets; sourceTree = "<group>"; };
		F2B95920258A6096006E881C /* Preview Assets.xcassets */ = {isa = PBXFileReference; lastKnownFileType = folder.assetcatalog; path = "Preview Assets.xcassets"; sourceTree = "<group>"; };
		F2B95922258A6096006E881C /* Info.plist */ = {isa = PBXFileReference; lastKnownFileType = text.plist.xml; path = Info.plist; sourceTree = "<group>"; };
		F2B95927258A6096006E881C /* ImageSimilarityTests.xctest */ = {isa = PBXFileReference; explicitFileType = wrapper.cfbundle; includeInIndex = 0; path = ImageSimilarityTests.xctest; sourceTree = BUILT_PRODUCTS_DIR; };
		F2B9592B258A6096006E881C /* ImageSimilarityTests.swift */ = {isa = PBXFileReference; lastKnownFileType = sourcecode.swift; path = ImageSimilarityTests.swift; sourceTree = "<group>"; };
		F2B9592D258A6096006E881C /* Info.plist */ = {isa = PBXFileReference; lastKnownFileType = text.plist.xml; path = Info.plist; sourceTree = "<group>"; };
		F2B95932258A6096006E881C /* ImageSimilarityUITests.xctest */ = {isa = PBXFileReference; explicitFileType = wrapper.cfbundle; includeInIndex = 0; path = ImageSimilarityUITests.xctest; sourceTree = BUILT_PRODUCTS_DIR; };
		F2B95936258A6096006E881C /* ImageSimilarityUITests.swift */ = {isa = PBXFileReference; lastKnownFileType = sourcecode.swift; path = ImageSimilarityUITests.swift; sourceTree = "<group>"; };
		F2B95938258A6096006E881C /* Info.plist */ = {isa = PBXFileReference; lastKnownFileType = text.plist.xml; path = Info.plist; sourceTree = "<group>"; };
		F2B95947258A60BE006E881C /* Views.swift */ = {isa = PBXFileReference; lastKnownFileType = sourcecode.swift; path = Views.swift; sourceTree = "<group>"; };
		F2B9594C258A6924006E881C /* Similarity.swift */ = {isa = PBXFileReference; lastKnownFileType = sourcecode.swift; path = Similarity.swift; sourceTree = "<group>"; };
/* End PBXFileReference section */

/* Begin PBXFrameworksBuildPhase section */
		F2B95913258A6094006E881C /* Frameworks */ = {
			isa = PBXFrameworksBuildPhase;
			buildActionMask = 2147483647;
			files = (
			);
			runOnlyForDeploymentPostprocessing = 0;
		};
		F2B95924258A6096006E881C /* Frameworks */ = {
			isa = PBXFrameworksBuildPhase;
			buildActionMask = 2147483647;
			files = (
			);
			runOnlyForDeploymentPostprocessing = 0;
		};
		F2B9592F258A6096006E881C /* Frameworks */ = {
			isa = PBXFrameworksBuildPhase;
			buildActionMask = 2147483647;
			files = (
			);
			runOnlyForDeploymentPostprocessing = 0;
		};
/* End PBXFrameworksBuildPhase section */

/* Begin PBXGroup section */
		F2B9590D258A6094006E881C = {
			isa = PBXGroup;
			children = (
				F2B95918258A6094006E881C /* ImageSimilarity */,
				F2B9592A258A6096006E881C /* ImageSimilarityTests */,
				F2B95935258A6096006E881C /* ImageSimilarityUITests */,
				F2B95917258A6094006E881C /* Products */,
			);
			sourceTree = "<group>";
		};
		F2B95917258A6094006E881C /* Products */ = {
			isa = PBXGroup;
			children = (
				F2B95916258A6094006E881C /* ImageSimilarity.app */,
				F2B95927258A6096006E881C /* ImageSimilarityTests.xctest */,
				F2B95932258A6096006E881C /* ImageSimilarityUITests.xctest */,
			);
			name = Products;
			sourceTree = "<group>";
		};
		F2B95918258A6094006E881C /* ImageSimilarity */ = {
			isa = PBXGroup;
			children = (
				F2B95919258A6094006E881C /* ImageSimilarityApp.swift */,
				F2B9591B258A6094006E881C /* ContentView.swift */,
				F2B95947258A60BE006E881C /* Views.swift */,
				F2B9594C258A6924006E881C /* Similarity.swift */,
				F2B9591D258A6096006E881C /* Assets.xcassets */,
				F2B95922258A6096006E881C /* Info.plist */,
				F2B9591F258A6096006E881C /* Preview Content */,
			);
			path = ImageSimilarity;
			sourceTree = "<group>";
		};
		F2B9591F258A6096006E881C /* Preview Content */ = {
			isa = PBXGroup;
			children = (
				F2B95920258A6096006E881C /* Preview Assets.xcassets */,
			);
			path = "Preview Content";
			sourceTree = "<group>";
		};
		F2B9592A258A6096006E881C /* ImageSimilarityTests */ = {
			isa = PBXGroup;
			children = (
				F2B9592B258A6096006E881C /* ImageSimilarityTests.swift */,
				F2B9592D258A6096006E881C /* Info.plist */,
			);
			path = ImageSimilarityTests;
			sourceTree = "<group>";
		};
		F2B95935258A6096006E881C /* ImageSimilarityUITests */ = {
			isa = PBXGroup;
			children = (
				F2B95936258A6096006E881C /* ImageSimilarityUITests.swift */,
				F2B95938258A6096006E881C /* Info.plist */,
			);
			path = ImageSimilarityUITests;
			sourceTree = "<group>";
		};
/* End PBXGroup section */

/* Begin PBXNativeTarget section */
		F2B95915258A6094006E881C /* ImageSimilarity */ = {
			isa = PBXNativeTarget;
			buildConfigurationList = F2B9593B258A6096006E881C /* Build configuration list for PBXNativeTarget "ImageSimilarity" */;
			buildPhases = (
				F2B95912258A6094006E881C /* Sources */,
				F2B95913258A6094006E881C /* Frameworks */,
				F2B95914258A6094006E881C /* Resources */,
			);
			buildRules = (
			);
			dependencies = (
			);
			name = ImageSimilarity;
			productName = ImageSimilarity;
			productReference = F2B95916258A6094006E881C /* ImageSimilarity.app */;
			productType = "com.apple.product-type.application";
		};
		F2B95926258A6096006E881C /* ImageSimilarityTests */ = {
			isa = PBXNativeTarget;
			buildConfigurationList = F2B9593E258A6096006E881C /* Build configuration list for PBXNativeTarget "ImageSimilarityTests" */;
			buildPhases = (
				F2B95923258A6096006E881C /* Sources */,
				F2B95924258A6096006E881C /* Frameworks */,
				F2B95925258A6096006E881C /* Resources */,
			);
			buildRules = (
			);
			dependencies = (
				F2B95929258A6096006E881C /* PBXTargetDependency */,
			);
			name = ImageSimilarityTests;
			productName = ImageSimilarityTests;
			productReference = F2B95927258A6096006E881C /* ImageSimilarityTests.xctest */;
			productType = "com.apple.product-type.bundle.unit-test";
		};
		F2B95931258A6096006E881C /* ImageSimilarityUITests */ = {
			isa = PBXNativeTarget;
			buildConfigurationList = F2B95941258A6096006E881C /* Build configuration list for PBXNativeTarget "ImageSimilarityUITests" */;
			buildPhases = (
				F2B9592E258A6096006E881C /* Sources */,
				F2B9592F258A6096006E881C /* Frameworks */,
				F2B95930258A6096006E881C /* Resources */,
			);
			buildRules = (
			);
			dependencies = (
				F2B95934258A6096006E881C /* PBXTargetDependency */,
			);
			name = ImageSimilarityUITests;
			productName = ImageSimilarityUITests;
			productReference = F2B95932258A6096006E881C /* ImageSimilarityUITests.xctest */;
			productType = "com.apple.product-type.bundle.ui-testing";
		};
/* End PBXNativeTarget section */

/* Begin PBXProject section */
		F2B9590E258A6094006E881C /* Project object */ = {
			isa = PBXProject;
			attributes = {
				LastSwiftUpdateCheck = 1230;
				LastUpgradeCheck = 1230;
				TargetAttributes = {
					F2B95915258A6094006E881C = {
						CreatedOnToolsVersion = 12.3;
					};
					F2B95926258A6096006E881C = {
						CreatedOnToolsVersion = 12.3;
						TestTargetID = F2B95915258A6094006E881C;
					};
					F2B95931258A6096006E881C = {
						CreatedOnToolsVersion = 12.3;
						TestTargetID = F2B95915258A6094006E881C;
					};
				};
			};
			buildConfigurationList = F2B95911258A6094006E881C /* Build configuration list for PBXProject "ImageSimilarity" */;
			compatibilityVersion = "Xcode 9.3";
			developmentRegion = en;
			hasScannedForEncodings = 0;
			knownRegions = (
				en,
				Base,
			);
			mainGroup = F2B9590D258A6094006E881C;
			productRefGroup = F2B95917258A6094006E881C /* Products */;
			projectDirPath = "";
			projectRoot = "";
			targets = (
				F2B95915258A6094006E881C /* ImageSimilarity */,
				F2B95926258A6096006E881C /* ImageSimilarityTests */,
				F2B95931258A6096006E881C /* ImageSimilarityUITests */,
			);
		};
/* End PBXProject section */

/* Begin PBXResourcesBuildPhase section */
		F2B95914258A6094006E881C /* Resources */ = {
			isa = PBXResourcesBuildPhase;
			buildActionMask = 2147483647;
			files = (
				F2B95921258A6096006E881C /* Preview Assets.xcassets in Resources */,
				F2B9591E258A6096006E881C /* Assets.xcassets in Resources */,
			);
			runOnlyForDeploymentPostprocessing = 0;
		};
		F2B95925258A6096006E881C /* Resources */ = {
			isa = PBXResourcesBuildPhase;
			buildActionMask = 2147483647;
			files = (
			);
			runOnlyForDeploymentPostprocessing = 0;
		};
		F2B95930258A6096006E881C /* Resources */ = {
			isa = PBXResourcesBuildPhase;
			buildActionMask = 2147483647;
			files = (
			);
			runOnlyForDeploymentPostprocessing = 0;
		};
/* End PBXResourcesBuildPhase section */

/* Begin PBXSourcesBuildPhase section */
		F2B95912258A6094006E881C /* Sources */ = {
			isa = PBXSourcesBuildPhase;
			buildActionMask = 2147483647;
			files = (
				F2B9591C258A6094006E881C /* ContentView.swift in Sources */,
				F2B9591A258A6094006E881C /* ImageSimilarityApp.swift in Sources */,
				F2B9594D258A6924006E881C /* Similarity.swift in Sources */,
				F2B95948258A60BE006E881C /* Views.swift in Sources */,
			);
			runOnlyForDeploymentPostprocessing = 0;
		};
		F2B95923258A6096006E881C /* Sources */ = {
			isa = PBXSourcesBuildPhase;
			buildActionMask = 2147483647;
			files = (
				F2B9592C258A6096006E881C /* ImageSimilarityTests.swift in Sources */,
			);
			runOnlyForDeploymentPostprocessing = 0;
		};
		F2B9592E258A6096006E881C /* Sources */ = {
			isa = PBXSourcesBuildPhase;
			buildActionMask = 2147483647;
			files = (
				F2B95937258A6096006E881C /* ImageSimilarityUITests.swift in Sources */,
			);
			runOnlyForDeploymentPostprocessing = 0;
		};
/* End PBXSourcesBuildPhase section */

/* Begin PBXTargetDependency section */
		F2B95929258A6096006E881C /* PBXTargetDependency */ = {
			isa = PBXTargetDependency;
			target = F2B95915258A6094006E881C /* ImageSimilarity */;
			targetProxy = F2B95928258A6096006E881C /* PBXContainerItemProxy */;
		};
		F2B95934258A6096006E881C /* PBXTargetDependency */ = {
			isa = PBXTargetDependency;
			target = F2B95915258A6094006E881C /* ImageSimilarity */;
			targetProxy = F2B95933258A6096006E881C /* PBXContainerItemProxy */;
		};
/* End PBXTargetDependency section */

/* Begin XCBuildConfiguration section */
		F2B95939258A6096006E881C /* Debug */ = {
			isa = XCBuildConfiguration;
			buildSettings = {
				ALWAYS_SEARCH_USER_PATHS = NO;
				CLANG_ANALYZER_NONNULL = YES;
				CLANG_ANALYZER_NUMBER_OBJECT_CONVERSION = YES_AGGRESSIVE;
				CLANG_CXX_LANGUAGE_STANDARD = "gnu++14";
				CLANG_CXX_LIBRARY = "libc++";
				CLANG_ENABLE_MODULES = YES;
				CLANG_ENABLE_OBJC_ARC = YES;
				CLANG_ENABLE_OBJC_WEAK = YES;
				CLANG_WARN_BLOCK_CAPTURE_AUTORELEASING = YES;
				CLANG_WARN_BOOL_CONVERSION = YES;
				CLANG_WARN_COMMA = YES;
				CLANG_WARN_CONSTANT_CONVERSION = YES;
				CLANG_WARN_DEPRECATED_OBJC_IMPLEMENTATIONS = YES;
				CLANG_WARN_DIRECT_OBJC_ISA_USAGE = YES_ERROR;
				CLANG_WARN_DOCUMENTATION_COMMENTS = YES;
				CLANG_WARN_EMPTY_BODY = YES;
				CLANG_WARN_ENUM_CONVERSION = YES;
				CLANG_WARN_INFINITE_RECURSION = YES;
				CLANG_WARN_INT_CONVERSION = YES;
				CLANG_WARN_NON_LITERAL_NULL_CONVERSION = YES;
				CLANG_WARN_OBJC_IMPLICIT_RETAIN_SELF = YES;
				CLANG_WARN_OBJC_LITERAL_CONVERSION = YES;
				CLANG_WARN_OBJC_ROOT_CLASS = YES_ERROR;
				CLANG_WARN_QUOTED_INCLUDE_IN_FRAMEWORK_HEADER = YES;
				CLANG_WARN_RANGE_LOOP_ANALYSIS = YES;
				CLANG_WARN_STRICT_PROTOTYPES = YES;
				CLANG_WARN_SUSPICIOUS_MOVE = YES;
				CLANG_WARN_UNGUARDED_AVAILABILITY = YES_AGGRESSIVE;
				CLANG_WARN_UNREACHABLE_CODE = YES;
				CLANG_WARN__DUPLICATE_METHOD_MATCH = YES;
				COPY_PHASE_STRIP = NO;
				DEBUG_INFORMATION_FORMAT = dwarf;
				ENABLE_STRICT_OBJC_MSGSEND = YES;
				ENABLE_TESTABILITY = YES;
				GCC_C_LANGUAGE_STANDARD = gnu11;
				GCC_DYNAMIC_NO_PIC = NO;
				GCC_NO_COMMON_BLOCKS = YES;
				GCC_OPTIMIZATION_LEVEL = 0;
				GCC_PREPROCESSOR_DEFINITIONS = (
					"DEBUG=1",
					"$(inherited)",
				);
				GCC_WARN_64_TO_32_BIT_CONVERSION = YES;
				GCC_WARN_ABOUT_RETURN_TYPE = YES_ERROR;
				GCC_WARN_UNDECLARED_SELECTOR = YES;
				GCC_WARN_UNINITIALIZED_AUTOS = YES_AGGRESSIVE;
				GCC_WARN_UNUSED_FUNCTION = YES;
				GCC_WARN_UNUSED_VARIABLE = YES;
				IPHONEOS_DEPLOYMENT_TARGET = 14.3;
				MTL_ENABLE_DEBUG_INFO = INCLUDE_SOURCE;
				MTL_FAST_MATH = YES;
				ONLY_ACTIVE_ARCH = YES;
				SDKROOT = iphoneos;
				SWIFT_ACTIVE_COMPILATION_CONDITIONS = DEBUG;
				SWIFT_OPTIMIZATION_LEVEL = "-Onone";
			};
			name = Debug;
		};
		F2B9593A258A6096006E881C /* Release */ = {
			isa = XCBuildConfiguration;
			buildSettings = {
				ALWAYS_SEARCH_USER_PATHS = NO;
				CLANG_ANALYZER_NONNULL = YES;
				CLANG_ANALYZER_NUMBER_OBJECT_CONVERSION = YES_AGGRESSIVE;
				CLANG_CXX_LANGUAGE_STANDARD = "gnu++14";
				CLANG_CXX_LIBRARY = "libc++";
				CLANG_ENABLE_MODULES = YES;
				CLANG_ENABLE_OBJC_ARC = YES;
				CLANG_ENABLE_OBJC_WEAK = YES;
				CLANG_WARN_BLOCK_CAPTURE_AUTORELEASING = YES;
				CLANG_WARN_BOOL_CONVERSION = YES;
				CLANG_WARN_COMMA = YES;
				CLANG_WARN_CONSTANT_CONVERSION = YES;
				CLANG_WARN_DEPRECATED_OBJC_IMPLEMENTATIONS = YES;
				CLANG_WARN_DIRECT_OBJC_ISA_USAGE = YES_ERROR;
				CLANG_WARN_DOCUMENTATION_COMMENTS = YES;
				CLANG_WARN_EMPTY_BODY = YES;
				CLANG_WARN_ENUM_CONVERSION = YES;
				CLANG_WARN_INFINITE_RECURSION = YES;
				CLANG_WARN_INT_CONVERSION = YES;
				CLANG_WARN_NON_LITERAL_NULL_CONVERSION = YES;
				CLANG_WARN_OBJC_IMPLICIT_RETAIN_SELF = YES;
				CLANG_WARN_OBJC_LITERAL_CONVERSION = YES;
				CLANG_WARN_OBJC_ROOT_CLASS = YES_ERROR;
				CLANG_WARN_QUOTED_INCLUDE_IN_FRAMEWORK_HEADER = YES;
				CLANG_WARN_RANGE_LOOP_ANALYSIS = YES;
				CLANG_WARN_STRICT_PROTOTYPES = YES;
				CLANG_WARN_SUSPICIOUS_MOVE = YES;
				CLANG_WARN_UNGUARDED_AVAILABILITY = YES_AGGRESSIVE;
				CLANG_WARN_UNREACHABLE_CODE = YES;
				CLANG_WARN__DUPLICATE_METHOD_MATCH = YES;
				COPY_PHASE_STRIP = NO;
				DEBUG_INFORMATION_FORMAT = "dwarf-with-dsym";
				ENABLE_NS_ASSERTIONS = NO;
				ENABLE_STRICT_OBJC_MSGSEND = YES;
				GCC_C_LANGUAGE_STANDARD = gnu11;
				GCC_NO_COMMON_BLOCKS = YES;
				GCC_WARN_64_TO_32_BIT_CONVERSION = YES;
				GCC_WARN_ABOUT_RETURN_TYPE = YES_ERROR;
				GCC_WARN_UNDECLARED_SELECTOR = YES;
				GCC_WARN_UNINITIALIZED_AUTOS = YES_AGGRESSIVE;
				GCC_WARN_UNUSED_FUNCTION = YES;
				GCC_WARN_UNUSED_VARIABLE = YES;
				IPHONEOS_DEPLOYMENT_TARGET = 14.3;
				MTL_ENABLE_DEBUG_INFO = NO;
				MTL_FAST_MATH = YES;
				SDKROOT = iphoneos;
				SWIFT_COMPILATION_MODE = wholemodule;
				SWIFT_OPTIMIZATION_LEVEL = "-O";
				VALIDATE_PRODUCT = YES;
			};
			name = Release;
		};
		F2B9593C258A6096006E881C /* Debug */ = {
			isa = XCBuildConfiguration;
			buildSettings = {
				ASSETCATALOG_COMPILER_APPICON_NAME = AppIcon;
				ASSETCATALOG_COMPILER_GLOBAL_ACCENT_COLOR_NAME = AccentColor;
				CODE_SIGN_STYLE = Automatic;
				DEVELOPMENT_ASSET_PATHS = "\"ImageSimilarity/Preview Content\"";
				DEVELOPMENT_TEAM = 84P4DVBKVP;
				ENABLE_PREVIEWS = YES;
				INFOPLIST_FILE = ImageSimilarity/Info.plist;
				IPHONEOS_DEPLOYMENT_TARGET = 14.0;
				LD_RUNPATH_SEARCH_PATHS = (
					"$(inherited)",
					"@executable_path/Frameworks",
				);
				PRODUCT_BUNDLE_IDENTIFIER = com.sunnydale.demo.ImageSimilarity;
				PRODUCT_NAME = "$(TARGET_NAME)";
				SWIFT_VERSION = 5.0;
				TARGETED_DEVICE_FAMILY = "1,2";
			};
			name = Debug;
		};
		F2B9593D258A6096006E881C /* Release */ = {
			isa = XCBuildConfiguration;
			buildSettings = {
				ASSETCATALOG_COMPILER_APPICON_NAME = AppIcon;
				ASSETCATALOG_COMPILER_GLOBAL_ACCENT_COLOR_NAME = AccentColor;
				CODE_SIGN_STYLE = Automatic;
				DEVELOPMENT_ASSET_PATHS = "\"ImageSimilarity/Preview Content\"";
				DEVELOPMENT_TEAM = 84P4DVBKVP;
				ENABLE_PREVIEWS = YES;
				INFOPLIST_FILE = ImageSimilarity/Info.plist;
				IPHONEOS_DEPLOYMENT_TARGET = 14.0;
				LD_RUNPATH_SEARCH_PATHS = (
					"$(inherited)",
					"@executable_path/Frameworks",
				);
				PRODUCT_BUNDLE_IDENTIFIER = com.sunnydale.demo.ImageSimilarity;
				PRODUCT_NAME = "$(TARGET_NAME)";
				SWIFT_VERSION = 5.0;
				TARGETED_DEVICE_FAMILY = "1,2";
			};
			name = Release;
		};
		F2B9593F258A6096006E881C /* Debug */ = {
			isa = XCBuildConfiguration;
			buildSettings = {
				ALWAYS_EMBED_SWIFT_STANDARD_LIBRARIES = YES;
				BUNDLE_LOADER = "$(TEST_HOST)";
				CODE_SIGN_STYLE = Automatic;
				DEVELOPMENT_TEAM = 84P4DVBKVP;
				INFOPLIST_FILE = ImageSimilarityTests/Info.plist;
				IPHONEOS_DEPLOYMENT_TARGET = 14.0;
				LD_RUNPATH_SEARCH_PATHS = (
					"$(inherited)",
					"@executable_path/Frameworks",
					"@loader_path/Frameworks",
				);
				PRODUCT_BUNDLE_IDENTIFIER = com.sunnydale.demo.ImageSimilarityTests;
				PRODUCT_NAME = "$(TARGET_NAME)";
				SWIFT_VERSION = 5.0;
				TARGETED_DEVICE_FAMILY = "1,2";
				TEST_HOST = "$(BUILT_PRODUCTS_DIR)/ImageSimilarity.app/ImageSimilarity";
			};
			name = Debug;
		};
		F2B95940258A6096006E881C /* Release */ = {
			isa = XCBuildConfiguration;
			buildSettings = {
				ALWAYS_EMBED_SWIFT_STANDARD_LIBRARIES = YES;
				BUNDLE_LOADER = "$(TEST_HOST)";
				CODE_SIGN_STYLE = Automatic;
				DEVELOPMENT_TEAM = 84P4DVBKVP;
				INFOPLIST_FILE = ImageSimilarityTests/Info.plist;
				IPHONEOS_DEPLOYMENT_TARGET = 14.0;
				LD_RUNPATH_SEARCH_PATHS = (
					"$(inherited)",
					"@executable_path/Frameworks",
					"@loader_path/Frameworks",
				);
				PRODUCT_BUNDLE_IDENTIFIER = com.sunnydale.demo.ImageSimilarityTests;
				PRODUCT_NAME = "$(TARGET_NAME)";
				SWIFT_VERSION = 5.0;
				TARGETED_DEVICE_FAMILY = "1,2";
				TEST_HOST = "$(BUILT_PRODUCTS_DIR)/ImageSimilarity.app/ImageSimilarity";
			};
			name = Release;
		};
		F2B95942258A6096006E881C /* Debug */ = {
			isa = XCBuildConfiguration;
			buildSettings = {
				ALWAYS_EMBED_SWIFT_STANDARD_LIBRARIES = YES;
				CODE_SIGN_STYLE = Automatic;
				DEVELOPMENT_TEAM = 84P4DVBKVP;
				INFOPLIST_FILE = ImageSimilarityUITests/Info.plist;
				LD_RUNPATH_SEARCH_PATHS = (
					"$(inherited)",
					"@executable_path/Frameworks",
					"@loader_path/Frameworks",
				);
				PRODUCT_BUNDLE_IDENTIFIER = com.sunnydale.demo.ImageSimilarityUITests;
				PRODUCT_NAME = "$(TARGET_NAME)";
				SWIFT_VERSION = 5.0;
				TARGETED_DEVICE_FAMILY = "1,2";
				TEST_TARGET_NAME = ImageSimilarity;
			};
			name = Debug;
		};
		F2B95943258A6096006E881C /* Release */ = {
			isa = XCBuildConfiguration;
			buildSettings = {
				ALWAYS_EMBED_SWIFT_STANDARD_LIBRARIES = YES;
				CODE_SIGN_STYLE = Automatic;
				DEVELOPMENT_TEAM = 84P4DVBKVP;
				INFOPLIST_FILE = ImageSimilarityUITests/Info.plist;
				LD_RUNPATH_SEARCH_PATHS = (
					"$(inherited)",
					"@executable_path/Frameworks",
					"@loader_path/Frameworks",
				);
				PRODUCT_BUNDLE_IDENTIFIER = com.sunnydale.demo.ImageSimilarityUITests;
				PRODUCT_NAME = "$(TARGET_NAME)";
				SWIFT_VERSION = 5.0;
				TARGETED_DEVICE_FAMILY = "1,2";
				TEST_TARGET_NAME = ImageSimilarity;
			};
			name = Release;
		};
/* End XCBuildConfiguration section */

/* Begin XCConfigurationList section */
		F2B95911258A6094006E881C /* Build configuration list for PBXProject "ImageSimilarity" */ = {
			isa = XCConfigurationList;
			buildConfigurations = (
				F2B95939258A6096006E881C /* Debug */,
				F2B9593A258A6096006E881C /* Release */,
			);
			defaultConfigurationIsVisible = 0;
			defaultConfigurationName = Release;
		};
		F2B9593B258A6096006E881C /* Build configuration list for PBXNativeTarget "ImageSimilarity" */ = {
			isa = XCConfigurationList;
			buildConfigurations = (
				F2B9593C258A6096006E881C /* Debug */,
				F2B9593D258A6096006E881C /* Release */,
			);
			defaultConfigurationIsVisible = 0;
			defaultConfigurationName = Release;
		};
		F2B9593E258A6096006E881C /* Build configuration list for PBXNativeTarget "ImageSimilarityTests" */ = {
			isa = XCConfigurationList;
			buildConfigurations = (
				F2B9593F258A6096006E881C /* Debug */,
				F2B95940258A6096006E881C /* Release */,
			);
			defaultConfigurationIsVisible = 0;
			defaultConfigurationName = Release;
		};
		F2B95941258A6096006E881C /* Build configuration list for PBXNativeTarget "ImageSimilarityUITests" */ = {
			isa = XCConfigurationList;
			buildConfigurations = (
				F2B95942258A6096006E881C /* Debug */,
				F2B95943258A6096006E881C /* Release */,
			);
			defaultConfigurationIsVisible = 0;
			defaultConfigurationName = Release;
		};
/* End XCConfigurationList section */
	};
	rootObject = F2B9590E258A6094006E881C /* Project object */;
}
